
Microsoft Visual Studio Solution File, Format Version 12.00
# Visual Studio Version 17
VisualStudioVersion = 17.4.33213.308
MinimumVisualStudioVersion = 10.0.40219.1
Project("{FAE04EC0-301F-11D3-BF4B-00C04F79EFBC}") = "flex-game", "flex-game\flex-game.csproj", "{0CF757AB-A2D1-4DFC-95E5-5D30E77A6064}"
EndProject
Global
	GlobalSection(SolutionConfigurationPlatforms) = preSolution
		Debug|Any CPU = Debug|Any CPU
		Release|Any CPU = Release|Any CPU
	EndGlobalSection
	GlobalSection(ProjectConfigurationPlatforms) = postSolution
		{0CF757AB-A2D1-4DFC-95E5-5D30E77A6064}.Debug|Any CPU.ActiveCfg = Debug|Any CPU
		{0CF757AB-A2D1-4DFC-95E5-5D30E77A6064}.Debug|Any CPU.Build.0 = Debug|Any CPU
		{0CF757AB-A2D1-4DFC-95E5-5D30E77A6064}.Release|Any CPU.ActiveCfg = Release|Any CPU
		{0CF757AB-A2D1-4DFC-95E5-5D30E77A6064}.Release|Any CPU.Build.0 = Release|Any CPU
	EndGlobalSection
	GlobalSection(SolutionProperties) = preSolution
		HideSolutionNode = FALSE
	EndGlobalSection
	GlobalSection(ExtensibilityGlobals) = postSolution
		SolutionGuid = {6A464508-AE29-455D-8181-36EA2270AA83}
	EndGlobalSection
EndGlobal
