
Microsoft Visual Studio Solution File, Format Version 12.00
# Visual Studio Version 17
VisualStudioVersion = 17.4.33213.308
MinimumVisualStudioVersion = 10.0.40219.1
Project("{FAE04EC0-301F-11D3-BF4B-00C04F79EFBC}") = "time", "time.csproj", "{30F6CE87-E20B-41A0-806A-EE33918E7EA2}"
EndProject
Global
	GlobalSection(SolutionConfigurationPlatforms) = preSolution
		Debug|Any CPU = Debug|Any CPU
		Release|Any CPU = Release|Any CPU
	EndGlobalSection
	GlobalSection(ProjectConfigurationPlatforms) = postSolution
		{30F6CE87-E20B-41A0-806A-EE33918E7EA2}.Debug|Any CPU.ActiveCfg = Debug|Any CPU
		{30F6CE87-E20B-41A0-806A-EE33918E7EA2}.Debug|Any CPU.Build.0 = Debug|Any CPU
		{30F6CE87-E20B-41A0-806A-EE33918E7EA2}.Release|Any CPU.ActiveCfg = Release|Any CPU
		{30F6CE87-E20B-41A0-806A-EE33918E7EA2}.Release|Any CPU.Build.0 = Release|Any CPU
	EndGlobalSection
	GlobalSection(SolutionProperties) = preSolution
		HideSolutionNode = FALSE
	EndGlobalSection
	GlobalSection(ExtensibilityGlobals) = postSolution
		SolutionGuid = {35773418-8374-4FED-85E2-8FE42A3DC83D}
	EndGlobalSection
EndGlobal
